// !$*UTF8*$!
{
	archiveVersion = 1;
	classes = {
	};
	objectVersion = 55;
	objects = {

/* Begin PBXBuildFile section */
		611A409D28B29D8D00D9D2C6 /* GameStreamApp.swift in Sources */ = {isa = PBXBuildFile; fileRef = 611A409C28B29D8D00D9D2C6 /* GameStreamApp.swift */; };
		611A409F28B29D8D00D9D2C6 /* ContentView.swift in Sources */ = {isa = PBXBuildFile; fileRef = 611A409E28B29D8D00D9D2C6 /* ContentView.swift */; };
		611A40A128B29D9100D9D2C6 /* Assets.xcassets in Resources */ = {isa = PBXBuildFile; fileRef = 611A40A028B29D9100D9D2C6 /* Assets.xcassets */; };
		611A40A428B29D9100D9D2C6 /* Preview Assets.xcassets in Resources */ = {isa = PBXBuildFile; fileRef = 611A40A328B29D9100D9D2C6 /* Preview Assets.xcassets */; };
		61345A7928B68C52003049F9 /* FavoritesView.swift in Sources */ = {isa = PBXBuildFile; fileRef = 61345A7828B68C52003049F9 /* FavoritesView.swift */; };
		61345A7B28B691AC003049F9 /* ProfileView.swift in Sources */ = {isa = PBXBuildFile; fileRef = 61345A7A28B691AC003049F9 /* ProfileView.swift */; };
		61345A7D28B6AD3F003049F9 /* EditProfileView.swift in Sources */ = {isa = PBXBuildFile; fileRef = 61345A7C28B6AD3F003049F9 /* EditProfileView.swift */; };
		61345A7F28B6BC8B003049F9 /* SaveData.swift in Sources */ = {isa = PBXBuildFile; fileRef = 61345A7E28B6BC8B003049F9 /* SaveData.swift */; };
		6173970128B43CDD00F5DA56 /* Home.swift in Sources */ = {isa = PBXBuildFile; fileRef = 6173970028B43CDD00F5DA56 /* Home.swift */; };
		6192364128B66E8600A71F15 /* SearchGame.swift in Sources */ = {isa = PBXBuildFile; fileRef = 6192364028B66E8600A71F15 /* SearchGame.swift */; };
		6192C09F28B6CE3900432FBB /* SUImagePickerView.swift in Sources */ = {isa = PBXBuildFile; fileRef = 6192C09E28B6CE3900432FBB /* SUImagePickerView.swift */; };
		61936B1328B59D1C003B27C0 /* GamesView.swift in Sources */ = {isa = PBXBuildFile; fileRef = 61936B1228B59D1C003B27C0 /* GamesView.swift */; };
		61936B1828B59E95003B27C0 /* Model.swift in Sources */ = {isa = PBXBuildFile; fileRef = 61936B1728B59E95003B27C0 /* Model.swift */; };
		61936B1A28B59EB3003B27C0 /* ViewModel.swift in Sources */ = {isa = PBXBuildFile; fileRef = 61936B1928B59EB3003B27C0 /* ViewModel.swift */; };
		61936B1D28B65632003B27C0 /* Kingfisher in Frameworks */ = {isa = PBXBuildFile; productRef = 61936B1C28B65632003B27C0 /* Kingfisher */; };
		61936B1F28B659F7003B27C0 /* GameView.swift in Sources */ = {isa = PBXBuildFile; fileRef = 61936B1E28B659F7003B27C0 /* GameView.swift */; };
/* End PBXBuildFile section */

/* Begin PBXFileReference section */
		611A409928B29D8D00D9D2C6 /* GameStream.app */ = {isa = PBXFileReference; explicitFileType = wrapper.application; includeInIndex = 0; path = GameStream.app; sourceTree = BUILT_PRODUCTS_DIR; };
		611A409C28B29D8D00D9D2C6 /* GameStreamApp.swift */ = {isa = PBXFileReference; lastKnownFileType = sourcecode.swift; path = GameStreamApp.swift; sourceTree = "<group>"; };
		611A409E28B29D8D00D9D2C6 /* ContentView.swift */ = {isa = PBXFileReference; lastKnownFileType = sourcecode.swift; path = ContentView.swift; sourceTree = "<group>"; };
		611A40A028B29D9100D9D2C6 /* Assets.xcassets */ = {isa = PBXFileReference; lastKnownFileType = folder.assetcatalog; path = Assets.xcassets; sourceTree = "<group>"; };
		611A40A328B29D9100D9D2C6 /* Preview Assets.xcassets */ = {isa = PBXFileReference; lastKnownFileType = folder.assetcatalog; path = "Preview Assets.xcassets"; sourceTree = "<group>"; };
		61345A7828B68C52003049F9 /* FavoritesView.swift */ = {isa = PBXFileReference; lastKnownFileType = sourcecode.swift; path = FavoritesView.swift; sourceTree = "<group>"; };
		61345A7A28B691AC003049F9 /* ProfileView.swift */ = {isa = PBXFileReference; lastKnownFileType = sourcecode.swift; path = ProfileView.swift; sourceTree = "<group>"; };
		61345A7C28B6AD3F003049F9 /* EditProfileView.swift */ = {isa = PBXFileReference; lastKnownFileType = sourcecode.swift; path = EditProfileView.swift; sourceTree = "<group>"; };
		61345A7E28B6BC8B003049F9 /* SaveData.swift */ = {isa = PBXFileReference; lastKnownFileType = sourcecode.swift; path = SaveData.swift; sourceTree = "<group>"; };
		6173970028B43CDD00F5DA56 /* Home.swift */ = {isa = PBXFileReference; lastKnownFileType = sourcecode.swift; path = Home.swift; sourceTree = "<group>"; };
		6192364028B66E8600A71F15 /* SearchGame.swift */ = {isa = PBXFileReference; lastKnownFileType = sourcecode.swift; path = SearchGame.swift; sourceTree = "<group>"; };
		6192C09E28B6CE3900432FBB /* SUImagePickerView.swift */ = {isa = PBXFileReference; fileEncoding = 4; lastKnownFileType = sourcecode.swift; path = SUImagePickerView.swift; sourceTree = "<group>"; };
		61936B1228B59D1C003B27C0 /* GamesView.swift */ = {isa = PBXFileReference; lastKnownFileType = sourcecode.swift; path = GamesView.swift; sourceTree = "<group>"; };
		61936B1728B59E95003B27C0 /* Model.swift */ = {isa = PBXFileReference; lastKnownFileType = sourcecode.swift; path = Model.swift; sourceTree = "<group>"; };
		61936B1928B59EB3003B27C0 /* ViewModel.swift */ = {isa = PBXFileReference; lastKnownFileType = sourcecode.swift; path = ViewModel.swift; sourceTree = "<group>"; };
		61936B1E28B659F7003B27C0 /* GameView.swift */ = {isa = PBXFileReference; lastKnownFileType = sourcecode.swift; path = GameView.swift; sourceTree = "<group>"; };
/* End PBXFileReference section */

/* Begin PBXFrameworksBuildPhase section */
		611A409628B29D8D00D9D2C6 /* Frameworks */ = {
			isa = PBXFrameworksBuildPhase;
			buildActionMask = 2147483647;
			files = (
				61936B1D28B65632003B27C0 /* Kingfisher in Frameworks */,
			);
			runOnlyForDeploymentPostprocessing = 0;
		};
/* End PBXFrameworksBuildPhase section */

/* Begin PBXGroup section */
		611A409028B29D8D00D9D2C6 = {
			isa = PBXGroup;
			children = (
				611A409B28B29D8D00D9D2C6 /* GameStream */,
				611A409A28B29D8D00D9D2C6 /* Products */,
			);
			sourceTree = "<group>";
		};
		611A409A28B29D8D00D9D2C6 /* Products */ = {
			isa = PBXGroup;
			children = (
				611A409928B29D8D00D9D2C6 /* GameStream.app */,
			);
			name = Products;
			sourceTree = "<group>";
		};
		611A409B28B29D8D00D9D2C6 /* GameStream */ = {
			isa = PBXGroup;
			children = (
				61936B1628B59E4E003B27C0 /* VistasModelos */,
				61936B1528B59E3D003B27C0 /* Modelos */,
				61936B1428B59E08003B27C0 /* Vistas */,
				611A409C28B29D8D00D9D2C6 /* GameStreamApp.swift */,
				611A40A028B29D9100D9D2C6 /* Assets.xcassets */,
				611A40A228B29D9100D9D2C6 /* Preview Content */,
			);
			path = GameStream;
			sourceTree = "<group>";
		};
		611A40A228B29D9100D9D2C6 /* Preview Content */ = {
			isa = PBXGroup;
			children = (
				611A40A328B29D9100D9D2C6 /* Preview Assets.xcassets */,
			);
			path = "Preview Content";
			sourceTree = "<group>";
		};
		61936B1428B59E08003B27C0 /* Vistas */ = {
			isa = PBXGroup;
			children = (
				611A409E28B29D8D00D9D2C6 /* ContentView.swift */,
				6173970028B43CDD00F5DA56 /* Home.swift */,
				61936B1228B59D1C003B27C0 /* GamesView.swift */,
				61936B1E28B659F7003B27C0 /* GameView.swift */,
				61345A7828B68C52003049F9 /* FavoritesView.swift */,
				61345A7A28B691AC003049F9 /* ProfileView.swift */,
				61345A7C28B6AD3F003049F9 /* EditProfileView.swift */,
			);
			path = Vistas;
			sourceTree = "<group>";
		};
		61936B1528B59E3D003B27C0 /* Modelos */ = {
			isa = PBXGroup;
			children = (
				61936B1728B59E95003B27C0 /* Model.swift */,
			);
			path = Modelos;
			sourceTree = "<group>";
		};
		61936B1628B59E4E003B27C0 /* VistasModelos */ = {
			isa = PBXGroup;
			children = (
				6192C09E28B6CE3900432FBB /* SUImagePickerView.swift */,
				61936B1928B59EB3003B27C0 /* ViewModel.swift */,
				6192364028B66E8600A71F15 /* SearchGame.swift */,
				61345A7E28B6BC8B003049F9 /* SaveData.swift */,
			);
			path = VistasModelos;
			sourceTree = "<group>";
		};
/* End PBXGroup section */

/* Begin PBXNativeTarget section */
		611A409828B29D8D00D9D2C6 /* GameStream */ = {
			isa = PBXNativeTarget;
			buildConfigurationList = 611A40A728B29D9100D9D2C6 /* Build configuration list for PBXNativeTarget "GameStream" */;
			buildPhases = (
				611A409528B29D8D00D9D2C6 /* Sources */,
				611A409628B29D8D00D9D2C6 /* Frameworks */,
				611A409728B29D8D00D9D2C6 /* Resources */,
			);
			buildRules = (
			);
			dependencies = (
			);
			name = GameStream;
			packageProductDependencies = (
				61936B1C28B65632003B27C0 /* Kingfisher */,
			);
			productName = GameStream;
			productReference = 611A409928B29D8D00D9D2C6 /* GameStream.app */;
			productType = "com.apple.product-type.application";
		};
/* End PBXNativeTarget section */

/* Begin PBXProject section */
		611A409128B29D8D00D9D2C6 /* Project object */ = {
			isa = PBXProject;
			attributes = {
				BuildIndependentTargetsInParallel = 1;
				LastSwiftUpdateCheck = 1340;
				LastUpgradeCheck = 1340;
				TargetAttributes = {
					611A409828B29D8D00D9D2C6 = {
						CreatedOnToolsVersion = 13.4.1;
					};
				};
			};
			buildConfigurationList = 611A409428B29D8D00D9D2C6 /* Build configuration list for PBXProject "GameStream" */;
			compatibilityVersion = "Xcode 13.0";
			developmentRegion = en;
			hasScannedForEncodings = 0;
			knownRegions = (
				en,
				Base,
			);
			mainGroup = 611A409028B29D8D00D9D2C6;
			packageReferences = (
				61936B1B28B65632003B27C0 /* XCRemoteSwiftPackageReference "Kingfisher" */,
			);
			productRefGroup = 611A409A28B29D8D00D9D2C6 /* Products */;
			projectDirPath = "";
			projectRoot = "";
			targets = (
				611A409828B29D8D00D9D2C6 /* GameStream */,
			);
		};
/* End PBXProject section */

/* Begin PBXResourcesBuildPhase section */
		611A409728B29D8D00D9D2C6 /* Resources */ = {
			isa = PBXResourcesBuildPhase;
			buildActionMask = 2147483647;
			files = (
				611A40A428B29D9100D9D2C6 /* Preview Assets.xcassets in Resources */,
				611A40A128B29D9100D9D2C6 /* Assets.xcassets in Resources */,
			);
			runOnlyForDeploymentPostprocessing = 0;
		};
/* End PBXResourcesBuildPhase section */

/* Begin PBXSourcesBuildPhase section */
		611A409528B29D8D00D9D2C6 /* Sources */ = {
			isa = PBXSourcesBuildPhase;
			buildActionMask = 2147483647;
			files = (
				61936B1828B59E95003B27C0 /* Model.swift in Sources */,
				611A409F28B29D8D00D9D2C6 /* ContentView.swift in Sources */,
				61345A7F28B6BC8B003049F9 /* SaveData.swift in Sources */,
				61345A7B28B691AC003049F9 /* ProfileView.swift in Sources */,
				61345A7D28B6AD3F003049F9 /* EditProfileView.swift in Sources */,
				6192C09F28B6CE3900432FBB /* SUImagePickerView.swift in Sources */,
				6173970128B43CDD00F5DA56 /* Home.swift in Sources */,
				6192364128B66E8600A71F15 /* SearchGame.swift in Sources */,
				61936B1328B59D1C003B27C0 /* GamesView.swift in Sources */,
				61936B1A28B59EB3003B27C0 /* ViewModel.swift in Sources */,
				611A409D28B29D8D00D9D2C6 /* GameStreamApp.swift in Sources */,
				61936B1F28B659F7003B27C0 /* GameView.swift in Sources */,
				61345A7928B68C52003049F9 /* FavoritesView.swift in Sources */,
			);
			runOnlyForDeploymentPostprocessing = 0;
		};
/* End PBXSourcesBuildPhase section */

/* Begin XCBuildConfiguration section */
		611A40A528B29D9100D9D2C6 /* Debug */ = {
			isa = XCBuildConfiguration;
			buildSettings = {
				ALWAYS_SEARCH_USER_PATHS = NO;
				CLANG_ANALYZER_NONNULL = YES;
				CLANG_ANALYZER_NUMBER_OBJECT_CONVERSION = YES_AGGRESSIVE;
				CLANG_CXX_LANGUAGE_STANDARD = "gnu++17";
				CLANG_ENABLE_MODULES = YES;
				CLANG_ENABLE_OBJC_ARC = YES;
				CLANG_ENABLE_OBJC_WEAK = YES;
				CLANG_WARN_BLOCK_CAPTURE_AUTORELEASING = YES;
				CLANG_WARN_BOOL_CONVERSION = YES;
				CLANG_WARN_COMMA = YES;
				CLANG_WARN_CONSTANT_CONVERSION = YES;
				CLANG_WARN_DEPRECATED_OBJC_IMPLEMENTATIONS = YES;
				CLANG_WARN_DIRECT_OBJC_ISA_USAGE = YES_ERROR;
				CLANG_WARN_DOCUMENTATION_COMMENTS = YES;
				CLANG_WARN_EMPTY_BODY = YES;
				CLANG_WARN_ENUM_CONVERSION = YES;
				CLANG_WARN_INFINITE_RECURSION = YES;
				CLANG_WARN_INT_CONVERSION = YES;
				CLANG_WARN_NON_LITERAL_NULL_CONVERSION = YES;
				CLANG_WARN_OBJC_IMPLICIT_RETAIN_SELF = YES;
				CLANG_WARN_OBJC_LITERAL_CONVERSION = YES;
				CLANG_WARN_OBJC_ROOT_CLASS = YES_ERROR;
				CLANG_WARN_QUOTED_INCLUDE_IN_FRAMEWORK_HEADER = YES;
				CLANG_WARN_RANGE_LOOP_ANALYSIS = YES;
				CLANG_WARN_STRICT_PROTOTYPES = YES;
				CLANG_WARN_SUSPICIOUS_MOVE = YES;
				CLANG_WARN_UNGUARDED_AVAILABILITY = YES_AGGRESSIVE;
				CLANG_WARN_UNREACHABLE_CODE = YES;
				CLANG_WARN__DUPLICATE_METHOD_MATCH = YES;
				COPY_PHASE_STRIP = NO;
				DEBUG_INFORMATION_FORMAT = dwarf;
				ENABLE_STRICT_OBJC_MSGSEND = YES;
				ENABLE_TESTABILITY = YES;
				GCC_C_LANGUAGE_STANDARD = gnu11;
				GCC_DYNAMIC_NO_PIC = NO;
				GCC_NO_COMMON_BLOCKS = YES;
				GCC_OPTIMIZATION_LEVEL = 0;
				GCC_PREPROCESSOR_DEFINITIONS = (
					"DEBUG=1",
					"$(inherited)",
				);
				GCC_WARN_64_TO_32_BIT_CONVERSION = YES;
				GCC_WARN_ABOUT_RETURN_TYPE = YES_ERROR;
				GCC_WARN_UNDECLARED_SELECTOR = YES;
				GCC_WARN_UNINITIALIZED_AUTOS = YES_AGGRESSIVE;
				GCC_WARN_UNUSED_FUNCTION = YES;
				GCC_WARN_UNUSED_VARIABLE = YES;
				IPHONEOS_DEPLOYMENT_TARGET = 15.5;
				MTL_ENABLE_DEBUG_INFO = INCLUDE_SOURCE;
				MTL_FAST_MATH = YES;
				ONLY_ACTIVE_ARCH = YES;
				SDKROOT = iphoneos;
				SWIFT_ACTIVE_COMPILATION_CONDITIONS = DEBUG;
				SWIFT_OPTIMIZATION_LEVEL = "-Onone";
			};
			name = Debug;
		};
		611A40A628B29D9100D9D2C6 /* Release */ = {
			isa = XCBuildConfiguration;
			buildSettings = {
				ALWAYS_SEARCH_USER_PATHS = NO;
				CLANG_ANALYZER_NONNULL = YES;
				CLANG_ANALYZER_NUMBER_OBJECT_CONVERSION = YES_AGGRESSIVE;
				CLANG_CXX_LANGUAGE_STANDARD = "gnu++17";
				CLANG_ENABLE_MODULES = YES;
				CLANG_ENABLE_OBJC_ARC = YES;
				CLANG_ENABLE_OBJC_WEAK = YES;
				CLANG_WARN_BLOCK_CAPTURE_AUTORELEASING = YES;
				CLANG_WARN_BOOL_CONVERSION = YES;
				CLANG_WARN_COMMA = YES;
				CLANG_WARN_CONSTANT_CONVERSION = YES;
				CLANG_WARN_DEPRECATED_OBJC_IMPLEMENTATIONS = YES;
				CLANG_WARN_DIRECT_OBJC_ISA_USAGE = YES_ERROR;
				CLANG_WARN_DOCUMENTATION_COMMENTS = YES;
				CLANG_WARN_EMPTY_BODY = YES;
				CLANG_WARN_ENUM_CONVERSION = YES;
				CLANG_WARN_INFINITE_RECURSION = YES;
				CLANG_WARN_INT_CONVERSION = YES;
				CLANG_WARN_NON_LITERAL_NULL_CONVERSION = YES;
				CLANG_WARN_OBJC_IMPLICIT_RETAIN_SELF = YES;
				CLANG_WARN_OBJC_LITERAL_CONVERSION = YES;
				CLANG_WARN_OBJC_ROOT_CLASS = YES_ERROR;
				CLANG_WARN_QUOTED_INCLUDE_IN_FRAMEWORK_HEADER = YES;
				CLANG_WARN_RANGE_LOOP_ANALYSIS = YES;
				CLANG_WARN_STRICT_PROTOTYPES = YES;
				CLANG_WARN_SUSPICIOUS_MOVE = YES;
				CLANG_WARN_UNGUARDED_AVAILABILITY = YES_AGGRESSIVE;
				CLANG_WARN_UNREACHABLE_CODE = YES;
				CLANG_WARN__DUPLICATE_METHOD_MATCH = YES;
				COPY_PHASE_STRIP = NO;
				DEBUG_INFORMATION_FORMAT = "dwarf-with-dsym";
				ENABLE_NS_ASSERTIONS = NO;
				ENABLE_STRICT_OBJC_MSGSEND = YES;
				GCC_C_LANGUAGE_STANDARD = gnu11;
				GCC_NO_COMMON_BLOCKS = YES;
				GCC_WARN_64_TO_32_BIT_CONVERSION = YES;
				GCC_WARN_ABOUT_RETURN_TYPE = YES_ERROR;
				GCC_WARN_UNDECLARED_SELECTOR = YES;
				GCC_WARN_UNINITIALIZED_AUTOS = YES_AGGRESSIVE;
				GCC_WARN_UNUSED_FUNCTION = YES;
				GCC_WARN_UNUSED_VARIABLE = YES;
				IPHONEOS_DEPLOYMENT_TARGET = 15.5;
				MTL_ENABLE_DEBUG_INFO = NO;
				MTL_FAST_MATH = YES;
				SDKROOT = iphoneos;
				SWIFT_COMPILATION_MODE = wholemodule;
				SWIFT_OPTIMIZATION_LEVEL = "-O";
				VALIDATE_PRODUCT = YES;
			};
			name = Release;
		};
		611A40A828B29D9100D9D2C6 /* Debug */ = {
			isa = XCBuildConfiguration;
			buildSettings = {
				ASSETCATALOG_COMPILER_APPICON_NAME = AppIcon;
				ASSETCATALOG_COMPILER_GLOBAL_ACCENT_COLOR_NAME = AccentColor;
				CODE_SIGN_STYLE = Automatic;
				CURRENT_PROJECT_VERSION = 1;
				DEVELOPMENT_ASSET_PATHS = "\"GameStream/Preview Content\"";
				DEVELOPMENT_TEAM = NZ442DW46U;
				ENABLE_PREVIEWS = YES;
				GENERATE_INFOPLIST_FILE = YES;
				INFOPLIST_KEY_NSCameraUsageDescription = "Allow for changing your profile picture";
				INFOPLIST_KEY_UIApplicationSceneManifest_Generation = YES;
				INFOPLIST_KEY_UIApplicationSupportsIndirectInputEvents = YES;
				INFOPLIST_KEY_UILaunchScreen_Generation = YES;
				INFOPLIST_KEY_UISupportedInterfaceOrientations_iPad = "UIInterfaceOrientationPortrait UIInterfaceOrientationPortraitUpsideDown UIInterfaceOrientationLandscapeLeft UIInterfaceOrientationLandscapeRight";
				INFOPLIST_KEY_UISupportedInterfaceOrientations_iPhone = "UIInterfaceOrientationPortrait UIInterfaceOrientationLandscapeLeft UIInterfaceOrientationLandscapeRight";
				LD_RUNPATH_SEARCH_PATHS = (
					"$(inherited)",
					"@executable_path/Frameworks",
				);
				MARKETING_VERSION = 1.0;
				PRODUCT_BUNDLE_IDENTIFIER = com.alexel200.GameStream;
				PRODUCT_NAME = "$(TARGET_NAME)";
				SWIFT_EMIT_LOC_STRINGS = YES;
				SWIFT_VERSION = 5.0;
				TARGETED_DEVICE_FAMILY = "1,2";
			};
			name = Debug;
		};
		611A40A928B29D9100D9D2C6 /* Release */ = {
			isa = XCBuildConfiguration;
			buildSettings = {
				ASSETCATALOG_COMPILER_APPICON_NAME = AppIcon;
				ASSETCATALOG_COMPILER_GLOBAL_ACCENT_COLOR_NAME = AccentColor;
				CODE_SIGN_STYLE = Automatic;
				CURRENT_PROJECT_VERSION = 1;
				DEVELOPMENT_ASSET_PATHS = "\"GameStream/Preview Content\"";
				DEVELOPMENT_TEAM = NZ442DW46U;
				ENABLE_PREVIEWS = YES;
				GENERATE_INFOPLIST_FILE = YES;
				INFOPLIST_KEY_NSCameraUsageDescription = "Allow for changing your profile picture";
				INFOPLIST_KEY_UIApplicationSceneManifest_Generation = YES;
				INFOPLIST_KEY_UIApplicationSupportsIndirectInputEvents = YES;
				INFOPLIST_KEY_UILaunchScreen_Generation = YES;
				INFOPLIST_KEY_UISupportedInterfaceOrientations_iPad = "UIInterfaceOrientationPortrait UIInterfaceOrientationPortraitUpsideDown UIInterfaceOrientationLandscapeLeft UIInterfaceOrientationLandscapeRight";
				INFOPLIST_KEY_UISupportedInterfaceOrientations_iPhone = "UIInterfaceOrientationPortrait UIInterfaceOrientationLandscapeLeft UIInterfaceOrientationLandscapeRight";
				LD_RUNPATH_SEARCH_PATHS = (
					"$(inherited)",
					"@executable_path/Frameworks",
				);
				MARKETING_VERSION = 1.0;
				PRODUCT_BUNDLE_IDENTIFIER = com.alexel200.GameStream;
				PRODUCT_NAME = "$(TARGET_NAME)";
				SWIFT_EMIT_LOC_STRINGS = YES;
				SWIFT_VERSION = 5.0;
				TARGETED_DEVICE_FAMILY = "1,2";
			};
			name = Release;
		};
/* End XCBuildConfiguration section */

/* Begin XCConfigurationList section */
		611A409428B29D8D00D9D2C6 /* Build configuration list for PBXProject "GameStream" */ = {
			isa = XCConfigurationList;
			buildConfigurations = (
				611A40A528B29D9100D9D2C6 /* Debug */,
				611A40A628B29D9100D9D2C6 /* Release */,
			);
			defaultConfigurationIsVisible = 0;
			defaultConfigurationName = Release;
		};
		611A40A728B29D9100D9D2C6 /* Build configuration list for PBXNativeTarget "GameStream" */ = {
			isa = XCConfigurationList;
			buildConfigurations = (
				611A40A828B29D9100D9D2C6 /* Debug */,
				611A40A928B29D9100D9D2C6 /* Release */,
			);
			defaultConfigurationIsVisible = 0;
			defaultConfigurationName = Release;
		};
/* End XCConfigurationList section */

/* Begin XCRemoteSwiftPackageReference section */
		61936B1B28B65632003B27C0 /* XCRemoteSwiftPackageReference "Kingfisher" */ = {
			isa = XCRemoteSwiftPackageReference;
			repositoryURL = "https://github.com/onevcat/Kingfisher.git";
			requirement = {
				kind = upToNextMajorVersion;
				minimumVersion = 7.0.0;
			};
		};
/* End XCRemoteSwiftPackageReference section */

/* Begin XCSwiftPackageProductDependency section */
		61936B1C28B65632003B27C0 /* Kingfisher */ = {
			isa = XCSwiftPackageProductDependency;
			package = 61936B1B28B65632003B27C0 /* XCRemoteSwiftPackageReference "Kingfisher" */;
			productName = Kingfisher;
		};
/* End XCSwiftPackageProductDependency section */
	};
	rootObject = 611A409128B29D8D00D9D2C6 /* Project object */;
}
